
Microsoft Visual Studio Solution File, Format Version 12.00
# Visual Studio Version 17
VisualStudioVersion = 17.7.34221.43
MinimumVisualStudioVersion = 10.0.40219.1
Project("{FAE04EC0-301F-11D3-BF4B-00C04F79EFBC}") = "zadanie to dobre 2", "zadanie to dobre 2\zadanie to dobre 2.csproj", "{ED85CA5B-E078-432A-A9F1-A6771334F038}"
EndProject
Global
	GlobalSection(SolutionConfigurationPlatforms) = preSolution
		Debug|Any CPU = Debug|Any CPU
		Release|Any CPU = Release|Any CPU
	EndGlobalSection
	GlobalSection(ProjectConfigurationPlatforms) = postSolution
		{ED85CA5B-E078-432A-A9F1-A6771334F038}.Debug|Any CPU.ActiveCfg = Debug|Any CPU
		{ED85CA5B-E078-432A-A9F1-A6771334F038}.Debug|Any CPU.Build.0 = Debug|Any CPU
		{ED85CA5B-E078-432A-A9F1-A6771334F038}.Release|Any CPU.ActiveCfg = Release|Any CPU
		{ED85CA5B-E078-432A-A9F1-A6771334F038}.Release|Any CPU.Build.0 = Release|Any CPU
	EndGlobalSection
	GlobalSection(SolutionProperties) = preSolution
		HideSolutionNode = FALSE
	EndGlobalSection
	GlobalSection(ExtensibilityGlobals) = postSolution
		SolutionGuid = {D1C9D647-C13E-4ADE-A1B8-B7192DD7C55B}
	EndGlobalSection
EndGlobal
